
Microsoft Visual Studio Solution File, Format Version 12.00
# Visual Studio Version 17
VisualStudioVersion = 17.14.37516.0 d17.14
MinimumVisualStudioVersion = 10.0.40219.1
Project("{FAE04EC0-301F-11D3-BF4B-00C04F79EFBC}") = "week1_test", "week1_test\week1_test.csproj", "{309DAE55-54EE-4932-ABDE-970C5970998F}"
EndProject
Global
	GlobalSection(SolutionConfigurationPlatforms) = preSolution
		Debug|Any CPU = Debug|Any CPU
		Release|Any CPU = Release|Any CPU
	EndGlobalSection
	GlobalSection(ProjectConfigurationPlatforms) = postSolution
		{309DAE55-54EE-4932-ABDE-970C5970998F}.Debug|Any CPU.ActiveCfg = Debug|Any CPU
		{309DAE55-54EE-4932-ABDE-970C5970998F}.Debug|Any CPU.Build.0 = Debug|Any CPU
		{309DAE55-54EE-4932-ABDE-970C5970998F}.Release|Any CPU.ActiveCfg = Release|Any CPU
		{309DAE55-54EE-4932-ABDE-970C5970998F}.Release|Any CPU.Build.0 = Release|Any CPU
	EndGlobalSection
	GlobalSection(SolutionProperties) = preSolution
		HideSolutionNode = FALSE
	EndGlobalSection
	GlobalSection(ExtensibilityGlobals) = postSolution
		SolutionGuid = {46E9B574-972E-49FF-A79F-72E4FE1091F9}
	EndGlobalSection
EndGlobal
