
Microsoft Visual Studio Solution File, Format Version 12.00
# Visual Studio Version 17
VisualStudioVersion = 17.14.37516.0 d17.14
MinimumVisualStudioVersion = 10.0.40219.1
Project("{FAE04EC0-301F-11D3-BF4B-00C04F79EFBC}") = "tutorial2_3", "tutorial2_3\tutorial2_3.csproj", "{CFD95B50-56BC-4383-AF7C-FD81D938AF47}"
EndProject
Global
	GlobalSection(SolutionConfigurationPlatforms) = preSolution
		Debug|Any CPU = Debug|Any CPU
		Release|Any CPU = Release|Any CPU
	EndGlobalSection
	GlobalSection(ProjectConfigurationPlatforms) = postSolution
		{CFD95B50-56BC-4383-AF7C-FD81D938AF47}.Debug|Any CPU.ActiveCfg = Debug|Any CPU
		{CFD95B50-56BC-4383-AF7C-FD81D938AF47}.Debug|Any CPU.Build.0 = Debug|Any CPU
		{CFD95B50-56BC-4383-AF7C-FD81D938AF47}.Release|Any CPU.ActiveCfg = Release|Any CPU
		{CFD95B50-56BC-4383-AF7C-FD81D938AF47}.Release|Any CPU.Build.0 = Release|Any CPU
	EndGlobalSection
	GlobalSection(SolutionProperties) = preSolution
		HideSolutionNode = FALSE
	EndGlobalSection
	GlobalSection(ExtensibilityGlobals) = postSolution
		SolutionGuid = {CFBEE370-69F6-4E13-9863-2B1586717892}
	EndGlobalSection
EndGlobal
